
Microsoft Visual Studio Solution File, Format Version 12.00
# Visual Studio Version 16
VisualStudioVersion = 16.0.31702.278
MinimumVisualStudioVersion = 10.0.40219.1
Project("{FAE04EC0-301F-11D3-BF4B-00C04F79EFBC}") = "exp_4_Models", "exp_4_Models\exp_4_Models.csproj", "{8B3BE0BD-9B04-4E46-9698-1BA57EE75A9F}"
EndProject
Global
	GlobalSection(SolutionConfigurationPlatforms) = preSolution
		Debug|Any CPU = Debug|Any CPU
		Release|Any CPU = Release|Any CPU
	EndGlobalSection
	GlobalSection(ProjectConfigurationPlatforms) = postSolution
		{8B3BE0BD-9B04-4E46-9698-1BA57EE75A9F}.Debug|Any CPU.ActiveCfg = Debug|Any CPU
		{8B3BE0BD-9B04-4E46-9698-1BA57EE75A9F}.Debug|Any CPU.Build.0 = Debug|Any CPU
		{8B3BE0BD-9B04-4E46-9698-1BA57EE75A9F}.Release|Any CPU.ActiveCfg = Release|Any CPU
		{8B3BE0BD-9B04-4E46-9698-1BA57EE75A9F}.Release|Any CPU.Build.0 = Release|Any CPU
	EndGlobalSection
	GlobalSection(SolutionProperties) = preSolution
		HideSolutionNode = FALSE
	EndGlobalSection
	GlobalSection(ExtensibilityGlobals) = postSolution
		SolutionGuid = {DCA4BD70-7480-4FBE-8B7E-D9972F12CCEC}
	EndGlobalSection
EndGlobal
